PODS:
  - Alamofire (5.0.5)
  - IQKeyboardManagerSwift (6.3.0)
  - RxCocoa (5.0.1):
    - RxRelay (~> 5)
    - RxSwift (~> 5)
  - RxRelay (5.0.1):
    - RxSwift (~> 5)
  - RxSwift (5.0.1)
  - SVProgressHUD (2.2.5)

DEPENDENCIES:
  - Alamofire
  - IQKeyboardManagerSwift (= 6.3.0)
  - RxCocoa (~> 5)
  - RxSwift (~> 5)
  - SVProgressHUD

SPEC REPOS:
  trunk:
    - Alamofire
    - IQKeyboardManagerSwift
    - RxCocoa
    - RxRelay
    - RxSwift
    - SVProgressHUD

SPEC CHECKSUMS:
  Alamofire: df2f8f826963b08b9a870791ad48e07a10090b2e
  IQKeyboardManagerSwift: a8228c257614af98743b4cd8584637025f36358f
  RxCocoa: e741b9749968e8a143e2b787f1dfbff2b63d0a5c
  RxRelay: 89d54507f4fd4d969e6ec1d4bd7f3673640b4640
  RxSwift: e2dc62b366a3adf6a0be44ba9f405efd4c94e0c4
  SVProgressHUD: 1428aafac632c1f86f62aa4243ec12008d7a51d6

PODFILE CHECKSUM: b905d8b4afaa21122ca33bae4a6145fe067aecd0

COCOAPODS: 1.8.3
